
Microsoft Visual Studio Solution File, Format Version 12.00
# Visual Studio Version 16
VisualStudioVersion = 16.0.30611.23
MinimumVisualStudioVersion = 10.0.40219.1
Project("{FAE04EC0-301F-11D3-BF4B-00C04F79EFBC}") = "BigGame - WarpedCity", "BigGame - WarpedCity.csproj", "{BF23A55D-EC49-43B9-B46D-956E9B4EA405}"
EndProject
Global
	GlobalSection(SolutionConfigurationPlatforms) = preSolution
		Debug|Any CPU = Debug|Any CPU
		Release|Any CPU = Release|Any CPU
	EndGlobalSection
	GlobalSection(ProjectConfigurationPlatforms) = postSolution
		{BF23A55D-EC49-43B9-B46D-956E9B4EA405}.Debug|Any CPU.ActiveCfg = Debug|Any CPU
		{BF23A55D-EC49-43B9-B46D-956E9B4EA405}.Debug|Any CPU.Build.0 = Debug|Any CPU
		{BF23A55D-EC49-43B9-B46D-956E9B4EA405}.Release|Any CPU.ActiveCfg = Release|Any CPU
		{BF23A55D-EC49-43B9-B46D-956E9B4EA405}.Release|Any CPU.Build.0 = Release|Any CPU
	EndGlobalSection
	GlobalSection(SolutionProperties) = preSolution
		HideSolutionNode = FALSE
	EndGlobalSection
	GlobalSection(ExtensibilityGlobals) = postSolution
		SolutionGuid = {D68C1C10-64AC-42D6-AACC-2918E2520ED2}
	EndGlobalSection
EndGlobal
